
Microsoft Visual Studio Solution File, Format Version 12.00
# Visual Studio 14
VisualStudioVersion = 14.0.23107.0
MinimumVisualStudioVersion = 10.0.40219.1
Project("{FAE04EC0-301F-11D3-BF4B-00C04F79EFBC}") = "Steam_Time_Idler", "Steam_Time_Idler\Steam_Time_Idler.csproj", "{DF20D01F-59B4-4B1E-8D51-5C7EE7C5D666}"
EndProject
Global
	GlobalSection(SolutionConfigurationPlatforms) = preSolution
		Debug|Any CPU = Debug|Any CPU
		Release|Any CPU = Release|Any CPU
	EndGlobalSection
	GlobalSection(ProjectConfigurationPlatforms) = postSolution
		{DF20D01F-59B4-4B1E-8D51-5C7EE7C5D666}.Debug|Any CPU.ActiveCfg = Debug|Any CPU
		{DF20D01F-59B4-4B1E-8D51-5C7EE7C5D666}.Debug|Any CPU.Build.0 = Debug|Any CPU
		{DF20D01F-59B4-4B1E-8D51-5C7EE7C5D666}.Release|Any CPU.ActiveCfg = Release|Any CPU
		{DF20D01F-59B4-4B1E-8D51-5C7EE7C5D666}.Release|Any CPU.Build.0 = Release|Any CPU
	EndGlobalSection
	GlobalSection(SolutionProperties) = preSolution
		HideSolutionNode = FALSE
	EndGlobalSection
EndGlobal
